
Microsoft Visual Studio Solution File, Format Version 12.00
# Visual Studio Version 17
VisualStudioVersion = 17.12.35506.116
MinimumVisualStudioVersion = 10.0.40219.1
Project("{FAE04EC0-301F-11D3-BF4B-00C04F79EFBC}") = "CacheInMemoryDistributed", "WebApiCacheMemory\CacheInMemoryDistributed.csproj", "{5BFD373F-6A4E-4264-9CBF-8AC04DC16D28}"
EndProject
Project("{FAE04EC0-301F-11D3-BF4B-00C04F79EFBC}") = "HybridCache", "WebApiHybridCache\HybridCache.csproj", "{7E2B7CBF-3535-4C56-8442-F541C58CE82D}"
EndProject
Global
	GlobalSection(SolutionConfigurationPlatforms) = preSolution
		Debug|Any CPU = Debug|Any CPU
		Release|Any CPU = Release|Any CPU
	EndGlobalSection
	GlobalSection(ProjectConfigurationPlatforms) = postSolution
		{5BFD373F-6A4E-4264-9CBF-8AC04DC16D28}.Debug|Any CPU.ActiveCfg = Debug|Any CPU
		{5BFD373F-6A4E-4264-9CBF-8AC04DC16D28}.Debug|Any CPU.Build.0 = Debug|Any CPU
		{5BFD373F-6A4E-4264-9CBF-8AC04DC16D28}.Release|Any CPU.ActiveCfg = Release|Any CPU
		{5BFD373F-6A4E-4264-9CBF-8AC04DC16D28}.Release|Any CPU.Build.0 = Release|Any CPU
		{7E2B7CBF-3535-4C56-8442-F541C58CE82D}.Debug|Any CPU.ActiveCfg = Debug|Any CPU
		{7E2B7CBF-3535-4C56-8442-F541C58CE82D}.Debug|Any CPU.Build.0 = Debug|Any CPU
		{7E2B7CBF-3535-4C56-8442-F541C58CE82D}.Release|Any CPU.ActiveCfg = Release|Any CPU
		{7E2B7CBF-3535-4C56-8442-F541C58CE82D}.Release|Any CPU.Build.0 = Release|Any CPU
	EndGlobalSection
	GlobalSection(SolutionProperties) = preSolution
		HideSolutionNode = FALSE
	EndGlobalSection
EndGlobal
